{
  "name": "frogstats-shared",
  "version": "1.0.0",
  "lockfileVersion": 3,
  "requires": true,
  "packages": {
    "": {
      "name": "frogstats-shared",
      "version": "1.0.0",
      "dependencies": {
        "@trpc/server": "^10.45.0",
        "zod": "^3.24.3"
      }
    },
    "node_modules/@trpc/server": {
      "version": "10.45.2",
      "resolved": "https://registry.npmjs.org/@trpc/server/-/server-10.45.2.tgz",
      "integrity": "sha512-wOrSThNNE4HUnuhJG6PfDRp4L2009KDVxsd+2VYH8ro6o/7/jwYZ8Uu5j+VaW+mOmc8EHerHzGcdbGNQSAUPgg==",
      "funding": [
        "https://trpc.io/sponsor"
      ]
    },
    "node_modules/zod": {
      "version": "3.24.3",
      "resolved": "https://registry.npmjs.org/zod/-/zod-3.24.3.tgz",
      "integrity": "sha512-HhY1oqzWCQWuUqvBFnsyrtZRhyPeR7SUGv+C4+MsisMuVfSPx8HpwWqH8tRahSlt6M3PiFAcoeFhZAqIXTxoSg==",
      "funding": {
        "url": "https://github.com/sponsors/colinhacks"
      }
    }
  }
}
